
Microsoft Visual Studio Solution File, Format Version 12.00
# Visual Studio Version 16
VisualStudioVersion = 16.0.31321.278
MinimumVisualStudioVersion = 10.0.40219.1
Project("{FAE04EC0-301F-11D3-BF4B-00C04F79EFBC}") = "MBASistemaDeGestion", "MBASistemaDeGestion\MBASistemaDeGestion.csproj", "{96EA8884-E0A3-4703-9258-58F2F1ACF503}"
EndProject
Global
	GlobalSection(SolutionConfigurationPlatforms) = preSolution
		Debug|Any CPU = Debug|Any CPU
		Release|Any CPU = Release|Any CPU
	EndGlobalSection
	GlobalSection(ProjectConfigurationPlatforms) = postSolution
		{96EA8884-E0A3-4703-9258-58F2F1ACF503}.Debug|Any CPU.ActiveCfg = Debug|Any CPU
		{96EA8884-E0A3-4703-9258-58F2F1ACF503}.Debug|Any CPU.Build.0 = Debug|Any CPU
		{96EA8884-E0A3-4703-9258-58F2F1ACF503}.Release|Any CPU.ActiveCfg = Release|Any CPU
		{96EA8884-E0A3-4703-9258-58F2F1ACF503}.Release|Any CPU.Build.0 = Release|Any CPU
	EndGlobalSection
	GlobalSection(SolutionProperties) = preSolution
		HideSolutionNode = FALSE
	EndGlobalSection
	GlobalSection(ExtensibilityGlobals) = postSolution
		SolutionGuid = {431F3D6B-CE00-44D9-B638-B7DDAAFE9C49}
	EndGlobalSection
EndGlobal
